{
  "name": "eval-fixture",
  "lockfileVersion": 3,
  "requires": true,
  "packages": {
    "": {
      "name": "eval-fixture",
      "dependencies": {
        "react": "^18.3.1",
        "react-router-dom": "^6.22.0"
      }
    },
    "node_modules/react": {
      "version": "18.3.1"
    },
    "node_modules/react-router-dom": {
      "version": "6.22.3",
      "dependencies": {
        "react-router": "6.22.3"
      }
    },
    "node_modules/react-router": {
      "version": "6.22.3"
    }
  }
}
